<?xml version="1.0" encoding="utf-8"?>
<Project ToolsVersion="4.0" xmlns="http://schemas.microsoft.com/developer/msbuild/2003">
  <ItemGroup>
    <Filter Include="Source Files">
      <UniqueIdentifier>{4FC737F1-C7A5-4376-A066-2A32D752A2FF}</UniqueIdentifier>
      <Extensions>cpp;c;cc;cxx;c++;def;odl;idl;hpj;bat;asm;asmx</Extensions>
    </Filter>
    <Filter Include="Header Files">
      <UniqueIdentifier>{93995380-89BD-4b04-88EB-625FBE52EBFB}</UniqueIdentifier>
      <Extensions>h;hh;hpp;hxx;h++;hm;inl;inc;ipp;xsd</Extensions>
    </Filter>
    <Filter Include="Resource Files">
      <UniqueIdentifier>{67DA6AB6-F800-4c08-8B7A-83BB121AAD01}</UniqueIdentifier>
      <Extensions>rc;ico;cur;bmp;dlg;rc2;rct;bin;rgs;gif;jpg;jpeg;jpe;resx;tiff;tif;png;wav;mfcribbon-ms</Extensions>
    </Filter>
    <Filter Include="Header Files\tinyxml">
      <UniqueIdentifier>{bbda6a4c-edf8-4ff7-be8c-23273b73962e}</UniqueIdentifier>
    </Filter>
    <Filter Include="Source Files\tinyxml">
      <UniqueIdentifier>{68c796c1-adac-4886-acee-49077b697625}</UniqueIdentifier>
    </Filter>
  </ItemGroup>
  <ItemGroup>
    <ClInclude Include="Abs.h">
      <Filter>Header Files</Filter>
    </ClInclude>
    <ClInclude Include="BlackWhite.h">
      <Filter>Header Files</Filter>
    </ClInclude>
    <ClInclude Include="BMPFormatter.h">
      <Filter>Header Files</Filter>
    </ClInclude>
    <ClInclude Include="BOAdd.h">
      <Filter>Header Files</Filter>
    </ClInclude>
    <ClInclude Include="BODiv.h">
      <Filter>Header Files</Filter>
    </ClInclude>
    <ClInclude Include="BODivInv.h">
      <Filter>Header Files</Filter>
    </ClInclude>
    <ClInclude Include="BOFill.h">
      <Filter>Header Files</Filter>
    </ClInclude>
    <ClInclude Include="BOMul.h">
      <Filter>Header Files</Filter>
    </ClInclude>
    <ClInclude Include="BOSub.h">
      <Filter>Header Files</Filter>
    </ClInclude>
    <ClInclude Include="BOSubInv.h">
      <Filter>Header Files</Filter>
    </ClInclude>
    <ClInclude Include="CompositeError.h">
      <Filter>Header Files</Filter>
    </ClInclude>
    <ClInclude Include="CompositeOperation.h">
      <Filter>Header Files</Filter>
    </ClInclude>
    <ClInclude Include="Formatter.h">
      <Filter>Header Files</Filter>
    </ClInclude>
    <ClInclude Include="Grayscale.h">
      <Filter>Header Files</Filter>
    </ClInclude>
    <ClInclude Include="Image.h">
      <Filter>Header Files</Filter>
    </ClInclude>
    <ClInclude Include="Inversion.h">
      <Filter>Header Files</Filter>
    </ClInclude>
    <ClInclude Include="Layer.h">
      <Filter>Header Files</Filter>
    </ClInclude>
    <ClInclude Include="LayerError.h">
      <Filter>Header Files</Filter>
    </ClInclude>
    <ClInclude Include="LoadingError.h">
      <Filter>Header Files</Filter>
    </ClInclude>
    <ClInclude Include="Log.h">
      <Filter>Header Files</Filter>
    </ClInclude>
    <ClInclude Include="Max.h">
      <Filter>Header Files</Filter>
    </ClInclude>
    <ClInclude Include="Median.h">
      <Filter>Header Files</Filter>
    </ClInclude>
    <ClInclude Include="Min.h">
      <Filter>Header Files</Filter>
    </ClInclude>
    <ClInclude Include="Operation.h">
      <Filter>Header Files</Filter>
    </ClInclude>
    <ClInclude Include="PAMFormatter.h">
      <Filter>Header Files</Filter>
    </ClInclude>
    <ClInclude Include="ParamsError.h">
      <Filter>Header Files</Filter>
    </ClInclude>
    <ClInclude Include="Pixel.h">
      <Filter>Header Files</Filter>
    </ClInclude>
    <ClInclude Include="Pow.h">
      <Filter>Header Files</Filter>
    </ClInclude>
    <ClInclude Include="ReadingError.h">
      <Filter>Header Files</Filter>
    </ClInclude>
    <ClInclude Include="Rectangle.h">
      <Filter>Header Files</Filter>
    </ClInclude>
    <ClInclude Include="SavingError.h">
      <Filter>Header Files</Filter>
    </ClInclude>
    <ClInclude Include="Selection.h">
      <Filter>Header Files</Filter>
    </ClInclude>
    <ClInclude Include="SelectionError.h">
      <Filter>Header Files</Filter>
    </ClInclude>
    <ClInclude Include="XMLFormatter.h">
      <Filter>Header Files</Filter>
    </ClInclude>
    <ClInclude Include="tinyxml\tinystr.h">
      <Filter>Header Files\tinyxml</Filter>
    </ClInclude>
    <ClInclude Include="tinyxml\tinyxml.h">
      <Filter>Header Files\tinyxml</Filter>
    </ClInclude>
  </ItemGroup>
  <ItemGroup>
    <ClCompile Include="Abs.cpp">
      <Filter>Source Files</Filter>
    </ClCompile>
    <ClCompile Include="BlackWhite.cpp">
      <Filter>Source Files</Filter>
    </ClCompile>
    <ClCompile Include="BMPFormatter.cpp">
      <Filter>Source Files</Filter>
    </ClCompile>
    <ClCompile Include="BOAdd.cpp">
      <Filter>Source Files</Filter>
    </ClCompile>
    <ClCompile Include="BODiv.cpp">
      <Filter>Source Files</Filter>
    </ClCompile>
    <ClCompile Include="BODivInv.cpp">
      <Filter>Source Files</Filter>
    </ClCompile>
    <ClCompile Include="BOFill.cpp">
      <Filter>Source Files</Filter>
    </ClCompile>
    <ClCompile Include="BOMul.cpp">
      <Filter>Source Files</Filter>
    </ClCompile>
    <ClCompile Include="BOSub.cpp">
      <Filter>Source Files</Filter>
    </ClCompile>
    <ClCompile Include="BOSubInv.cpp">
      <Filter>Source Files</Filter>
    </ClCompile>
    <ClCompile Include="CompositeOperation.cpp">
      <Filter>Source Files</Filter>
    </ClCompile>
    <ClCompile Include="Formatter.cpp">
      <Filter>Source Files</Filter>
    </ClCompile>
    <ClCompile Include="Grayscale.cpp">
      <Filter>Source Files</Filter>
    </ClCompile>
    <ClCompile Include="Image.cpp">
      <Filter>Source Files</Filter>
    </ClCompile>
    <ClCompile Include="Inversion.cpp">
      <Filter>Source Files</Filter>
    </ClCompile>
    <ClCompile Include="Layer.cpp">
      <Filter>Source Files</Filter>
    </ClCompile>
    <ClCompile Include="Log.cpp">
      <Filter>Source Files</Filter>
    </ClCompile>
    <ClCompile Include="main.cpp">
      <Filter>Source Files</Filter>
    </ClCompile>
    <ClCompile Include="Max.cpp">
      <Filter>Source Files</Filter>
    </ClCompile>
    <ClCompile Include="Median.cpp">
      <Filter>Source Files</Filter>
    </ClCompile>
    <ClCompile Include="Min.cpp">
      <Filter>Source Files</Filter>
    </ClCompile>
    <ClCompile Include="Operation.cpp">
      <Filter>Source Files</Filter>
    </ClCompile>
    <ClCompile Include="PAMFormatter.cpp">
      <Filter>Source Files</Filter>
    </ClCompile>
    <ClCompile Include="Pixel.cpp">
      <Filter>Source Files</Filter>
    </ClCompile>
    <ClCompile Include="Pow.cpp">
      <Filter>Source Files</Filter>
    </ClCompile>
    <ClCompile Include="Rectangle.cpp">
      <Filter>Source Files</Filter>
    </ClCompile>
    <ClCompile Include="Selection.cpp">
      <Filter>Source Files</Filter>
    </ClCompile>
    <ClCompile Include="XMLFormatter.cpp">
      <Filter>Source Files</Filter>
    </ClCompile>
    <ClCompile Include="tinyxml\tinystr.cpp">
      <Filter>Source Files\tinyxml</Filter>
    </ClCompile>
    <ClCompile Include="tinyxml\tinyxml.cpp">
      <Filter>Source Files\tinyxml</Filter>
    </ClCompile>
    <ClCompile Include="tinyxml\tinyxmlerror.cpp">
      <Filter>Source Files\tinyxml</Filter>
    </ClCompile>
    <ClCompile Include="tinyxml\tinyxmlparser.cpp">
      <Filter>Source Files\tinyxml</Filter>
    </ClCompile>
  </ItemGroup>
</Project>